
Microsoft Visual Studio Solution File, Format Version 12.00
# Visual Studio Version 17
VisualStudioVersion = 17.4.33213.308
MinimumVisualStudioVersion = 10.0.40219.1
Project("{FAE04EC0-301F-11D3-BF4B-00C04F79EFBC}") = "part2", "part2\part2.csproj", "{18FD28BB-BAB3-4AE1-979C-83E8DCC06B16}"
EndProject
Global
	GlobalSection(SolutionConfigurationPlatforms) = preSolution
		Debug|Any CPU = Debug|Any CPU
		Release|Any CPU = Release|Any CPU
	EndGlobalSection
	GlobalSection(ProjectConfigurationPlatforms) = postSolution
		{18FD28BB-BAB3-4AE1-979C-83E8DCC06B16}.Debug|Any CPU.ActiveCfg = Debug|Any CPU
		{18FD28BB-BAB3-4AE1-979C-83E8DCC06B16}.Debug|Any CPU.Build.0 = Debug|Any CPU
		{18FD28BB-BAB3-4AE1-979C-83E8DCC06B16}.Release|Any CPU.ActiveCfg = Release|Any CPU
		{18FD28BB-BAB3-4AE1-979C-83E8DCC06B16}.Release|Any CPU.Build.0 = Release|Any CPU
	EndGlobalSection
	GlobalSection(SolutionProperties) = preSolution
		HideSolutionNode = FALSE
	EndGlobalSection
	GlobalSection(ExtensibilityGlobals) = postSolution
		SolutionGuid = {B3ACEAF8-CFC4-4A87-8A95-C7F061AD3596}
	EndGlobalSection
EndGlobal
